Microsoft Visual Studio Solution File, Format Version 12.00
# Visual Studio Version 17
VisualStudioVersion = 17.5.2.0
MinimumVisualStudioVersion = 10.0.40219.1
Project("{FAE04EC0-301F-11D3-BF4B-00C04F79EFBC}") = "SimpleLangInterpreter", "SimpleLangInterpreter\SimpleLangInterpreter.csproj", "{501DC669-65A1-990C-75E0-91140AC6B135}"
EndProject
Global
	GlobalSection(SolutionConfigurationPlatforms) = preSolution
		Debug|Any CPU = Debug|Any CPU
		Release|Any CPU = Release|Any CPU
	EndGlobalSection
	GlobalSection(ProjectConfigurationPlatforms) = postSolution
		{501DC669-65A1-990C-75E0-91140AC6B135}.Debug|Any CPU.ActiveCfg = Debug|Any CPU
		{501DC669-65A1-990C-75E0-91140AC6B135}.Debug|Any CPU.Build.0 = Debug|Any CPU
		{501DC669-65A1-990C-75E0-91140AC6B135}.Release|Any CPU.ActiveCfg = Release|Any CPU
		{501DC669-65A1-990C-75E0-91140AC6B135}.Release|Any CPU.Build.0 = Release|Any CPU
	EndGlobalSection
	GlobalSection(SolutionProperties) = preSolution
		HideSolutionNode = FALSE
	EndGlobalSection
	GlobalSection(ExtensibilityGlobals) = postSolution
		SolutionGuid = {26361808-71CF-40F3-BF53-FB97EE5A61B5}
	EndGlobalSection
EndGlobal
